
Microsoft Visual Studio Solution File, Format Version 12.00
# Visual Studio Version 17
VisualStudioVersion = 17.0.31912.275
MinimumVisualStudioVersion = 10.0.40219.1
Project("{FAE04EC0-301F-11D3-BF4B-00C04F79EFBC}") = "CNCMicaMini", "CNCMicaMini.csproj", "{67378943-3A75-41EE-910B-E222808CF6BD}"
EndProject
Global
	GlobalSection(SolutionConfigurationPlatforms) = preSolution
		Debug|Any CPU = Debug|Any CPU
		Release|Any CPU = Release|Any CPU
	EndGlobalSection
	GlobalSection(ProjectConfigurationPlatforms) = postSolution
		{67378943-3A75-41EE-910B-E222808CF6BD}.Debug|Any CPU.ActiveCfg = Debug|Any CPU
		{67378943-3A75-41EE-910B-E222808CF6BD}.Debug|Any CPU.Build.0 = Debug|Any CPU
		{67378943-3A75-41EE-910B-E222808CF6BD}.Release|Any CPU.ActiveCfg = Release|Any CPU
		{67378943-3A75-41EE-910B-E222808CF6BD}.Release|Any CPU.Build.0 = Release|Any CPU
	EndGlobalSection
	GlobalSection(SolutionProperties) = preSolution
		HideSolutionNode = FALSE
	EndGlobalSection
	GlobalSection(ExtensibilityGlobals) = postSolution
		SolutionGuid = {17B5CE11-1BA4-44F3-A62B-726309AB7CEA}
	EndGlobalSection
EndGlobal
